{
  "name": "react-gv",
  "version": "0.2.0",
  "lockfileVersion": 1,
  "requires": true,
  "dependencies": {
    "wen-shared-lib": {
      "version": "git+ssh://git@gitlab.com:hashcodebook/wen/core/wen-shared-lib.git#bb75508db28f5eab2b3ce6e337f8e72a731685a3",
      "from": "git+ssh://git@gitlab.com:hashcodebook/wen/core/wen-shared-lib.git"
    }
  }
}
